{
  "name": "nodejs",
  "lockfileVersion": 3,
  "requires": true,
  "packages": {
    "": {
      "dependencies": {
        "@hono/node-server": "^1.11.1",
        "hono": "~4.4.0"
      }
    },
    "node_modules/@hono/node-server": {
      "version": "1.11.1",
      "resolved": "https://registry.npmjs.org/@hono/node-server/-/node-server-1.11.1.tgz",
      "integrity": "sha512-GW1Iomhmm1o4Z+X57xGby8A35Cu9UZLL7pSMdqDBkD99U5cywff8F+8hLk5aBTzNubnsFAvWQ/fZjNwPsEn9lA==",
      "engines": {
        "node": ">=18.14.1"
      }
    },
    "node_modules/hono": {
      "version": "4.4.0",
      "resolved": "https://registry.npmjs.org/hono/-/hono-4.4.0.tgz",
      "integrity": "sha512-Bb2GHk8jmlLIuxc3U+7UBGOoA5lByJTAFnRdH2N2fqEVy9TEQzJ9saIJUQ/ZqBvEvgEFe7UjPFNSFi8cyeU+3Q==",
      "engines": {
        "node": ">=16.0.0"
      }
    }
  }
}
